
Microsoft Visual Studio Solution File, Format Version 12.00
# Visual Studio Version 17
VisualStudioVersion = 17.14.36616.10 d17.14
MinimumVisualStudioVersion = 10.0.40219.1
Project("{FAE04EC0-301F-11D3-BF4B-00C04F79EFBC}") = "task1", "task1.csproj", "{A9D3FB0C-3AF1-475A-A942-1C94292541D8}"
EndProject
Global
	GlobalSection(SolutionConfigurationPlatforms) = preSolution
		Debug|Any CPU = Debug|Any CPU
		Release|Any CPU = Release|Any CPU
	EndGlobalSection
	GlobalSection(ProjectConfigurationPlatforms) = postSolution
		{A9D3FB0C-3AF1-475A-A942-1C94292541D8}.Debug|Any CPU.ActiveCfg = Debug|Any CPU
		{A9D3FB0C-3AF1-475A-A942-1C94292541D8}.Debug|Any CPU.Build.0 = Debug|Any CPU
		{A9D3FB0C-3AF1-475A-A942-1C94292541D8}.Release|Any CPU.ActiveCfg = Release|Any CPU
		{A9D3FB0C-3AF1-475A-A942-1C94292541D8}.Release|Any CPU.Build.0 = Release|Any CPU
	EndGlobalSection
	GlobalSection(SolutionProperties) = preSolution
		HideSolutionNode = FALSE
	EndGlobalSection
	GlobalSection(ExtensibilityGlobals) = postSolution
		SolutionGuid = {D8A6FA35-C41E-4CBE-A06C-C11F86DFB3E5}
	EndGlobalSection
EndGlobal
